
Microsoft Visual Studio Solution File, Format Version 12.00
# Visual Studio Version 16
VisualStudioVersion = 16.0.30309.148
MinimumVisualStudioVersion = 10.0.40219.1
Project("{9A19103F-16F7-4668-BE54-9A1E7A4F7556}") = "WebAPI", "WebAPI\WebAPI.csproj", "{AF6CF31F-0885-49DB-9ACA-FF10794C28C8}"
EndProject
Project("{FAE04EC0-301F-11D3-BF4B-00C04F79EFBC}") = "Core", "Core\Core.csproj", "{F2044295-0524-4203-904A-4D403FA7F369}"
EndProject
Global
	GlobalSection(SolutionConfigurationPlatforms) = preSolution
		Debug|Any CPU = Debug|Any CPU
		Release|Any CPU = Release|Any CPU
	EndGlobalSection
	GlobalSection(ProjectConfigurationPlatforms) = postSolution
		{AF6CF31F-0885-49DB-9ACA-FF10794C28C8}.Debug|Any CPU.ActiveCfg = Debug|Any CPU
		{AF6CF31F-0885-49DB-9ACA-FF10794C28C8}.Debug|Any CPU.Build.0 = Debug|Any CPU
		{AF6CF31F-0885-49DB-9ACA-FF10794C28C8}.Release|Any CPU.ActiveCfg = Release|Any CPU
		{AF6CF31F-0885-49DB-9ACA-FF10794C28C8}.Release|Any CPU.Build.0 = Release|Any CPU
		{F2044295-0524-4203-904A-4D403FA7F369}.Debug|Any CPU.ActiveCfg = Debug|Any CPU
		{F2044295-0524-4203-904A-4D403FA7F369}.Debug|Any CPU.Build.0 = Debug|Any CPU
		{F2044295-0524-4203-904A-4D403FA7F369}.Release|Any CPU.ActiveCfg = Release|Any CPU
		{F2044295-0524-4203-904A-4D403FA7F369}.Release|Any CPU.Build.0 = Release|Any CPU
	EndGlobalSection
	GlobalSection(SolutionProperties) = preSolution
		HideSolutionNode = FALSE
	EndGlobalSection
	GlobalSection(ExtensibilityGlobals) = postSolution
		SolutionGuid = {C68E389C-99C4-47C6-97CD-1696272BC111}
	EndGlobalSection
EndGlobal
